
Microsoft Visual Studio Solution File, Format Version 11.00
# Visual Studio 2010
Project("{FAE04EC0-301F-11D3-BF4B-00C04F79EFBC}") = "OculusRiftMusicGame", "Assembly-CSharp.csproj", "{DE555507-7D7E-E81A-1CAC-E494F51501DE}"
EndProject
Project("{FAE04EC0-301F-11D3-BF4B-00C04F79EFBC}") = "OculusRiftMusicGame", "Oculus.VR.csproj", "{F2545A17-E919-9864-18D0-6C38426C9FE6}"
EndProject
Project("{FAE04EC0-301F-11D3-BF4B-00C04F79EFBC}") = "OculusRiftMusicGame", "Assembly-CSharp-Editor.csproj", "{B0C5C8D8-BFF8-235F-FD42-0A7209EC4BAA}"
EndProject
Project("{FAE04EC0-301F-11D3-BF4B-00C04F79EFBC}") = "OculusRiftMusicGame", "Oculus.VR.Scripts.Editor.csproj", "{BF926DCC-C1D5-F60D-C498-2A9D092D9583}"
EndProject
Project("{FAE04EC0-301F-11D3-BF4B-00C04F79EFBC}") = "OculusRiftMusicGame", "Oculus.VR.Editor.csproj", "{33BD3742-11C7-E8DA-8239-9B2148315D01}"
EndProject
Global
	GlobalSection(SolutionConfigurationPlatforms) = preSolution
		Debug|Any CPU = Debug|Any CPU
		Release|Any CPU = Release|Any CPU
	EndGlobalSection
	GlobalSection(ProjectConfigurationPlatforms) = postSolution
		{DE555507-7D7E-E81A-1CAC-E494F51501DE}.Debug|Any CPU.ActiveCfg = Debug|Any CPU
		{DE555507-7D7E-E81A-1CAC-E494F51501DE}.Debug|Any CPU.Build.0 = Debug|Any CPU
		{DE555507-7D7E-E81A-1CAC-E494F51501DE}.Release|Any CPU.ActiveCfg = Release|Any CPU
		{DE555507-7D7E-E81A-1CAC-E494F51501DE}.Release|Any CPU.Build.0 = Release|Any CPU
		{F2545A17-E919-9864-18D0-6C38426C9FE6}.Debug|Any CPU.ActiveCfg = Debug|Any CPU
		{F2545A17-E919-9864-18D0-6C38426C9FE6}.Debug|Any CPU.Build.0 = Debug|Any CPU
		{F2545A17-E919-9864-18D0-6C38426C9FE6}.Release|Any CPU.ActiveCfg = Release|Any CPU
		{F2545A17-E919-9864-18D0-6C38426C9FE6}.Release|Any CPU.Build.0 = Release|Any CPU
		{B0C5C8D8-BFF8-235F-FD42-0A7209EC4BAA}.Debug|Any CPU.ActiveCfg = Debug|Any CPU
		{B0C5C8D8-BFF8-235F-FD42-0A7209EC4BAA}.Debug|Any CPU.Build.0 = Debug|Any CPU
		{B0C5C8D8-BFF8-235F-FD42-0A7209EC4BAA}.Release|Any CPU.ActiveCfg = Release|Any CPU
		{B0C5C8D8-BFF8-235F-FD42-0A7209EC4BAA}.Release|Any CPU.Build.0 = Release|Any CPU
		{BF926DCC-C1D5-F60D-C498-2A9D092D9583}.Debug|Any CPU.ActiveCfg = Debug|Any CPU
		{BF926DCC-C1D5-F60D-C498-2A9D092D9583}.Debug|Any CPU.Build.0 = Debug|Any CPU
		{BF926DCC-C1D5-F60D-C498-2A9D092D9583}.Release|Any CPU.ActiveCfg = Release|Any CPU
		{BF926DCC-C1D5-F60D-C498-2A9D092D9583}.Release|Any CPU.Build.0 = Release|Any CPU
		{33BD3742-11C7-E8DA-8239-9B2148315D01}.Debug|Any CPU.ActiveCfg = Debug|Any CPU
		{33BD3742-11C7-E8DA-8239-9B2148315D01}.Debug|Any CPU.Build.0 = Debug|Any CPU
		{33BD3742-11C7-E8DA-8239-9B2148315D01}.Release|Any CPU.ActiveCfg = Release|Any CPU
		{33BD3742-11C7-E8DA-8239-9B2148315D01}.Release|Any CPU.Build.0 = Release|Any CPU
	EndGlobalSection
	GlobalSection(SolutionProperties) = preSolution
		HideSolutionNode = FALSE
	EndGlobalSection
	GlobalSection(MonoDevelopProperties) = preSolution
		StartupItem = Assembly-CSharp.csproj
	EndGlobalSection
EndGlobal
